
Microsoft Visual Studio Solution File, Format Version 12.00
# Visual Studio Version 16
VisualStudioVersion = 16.0.30523.141
MinimumVisualStudioVersion = 10.0.40219.1
Project("{FAE04EC0-301F-11D3-BF4B-00C04F79EFBC}") = "redKeyDemo", "redKeyDemo\redKeyDemo.csproj", "{66CE8F2F-3377-4D04-AFF9-88C33DA01D3B}"
EndProject
Global
	GlobalSection(SolutionConfigurationPlatforms) = preSolution
		Debug|Any CPU = Debug|Any CPU
		Release|Any CPU = Release|Any CPU
	EndGlobalSection
	GlobalSection(ProjectConfigurationPlatforms) = postSolution
		{66CE8F2F-3377-4D04-AFF9-88C33DA01D3B}.Debug|Any CPU.ActiveCfg = Debug|Any CPU
		{66CE8F2F-3377-4D04-AFF9-88C33DA01D3B}.Debug|Any CPU.Build.0 = Debug|Any CPU
		{66CE8F2F-3377-4D04-AFF9-88C33DA01D3B}.Release|Any CPU.ActiveCfg = Release|Any CPU
		{66CE8F2F-3377-4D04-AFF9-88C33DA01D3B}.Release|Any CPU.Build.0 = Release|Any CPU
	EndGlobalSection
	GlobalSection(SolutionProperties) = preSolution
		HideSolutionNode = FALSE
	EndGlobalSection
	GlobalSection(ExtensibilityGlobals) = postSolution
		SolutionGuid = {96B6FFD6-B60A-41F3-8A44-3594A3C558EC}
	EndGlobalSection
EndGlobal
